{
  "nodes": {
    "nixpkgs": {
      "locked": {
        "lastModified": 1779967070,
        "narHash": "sha256-EGpt58wpRfN6LrXRGHw19TRLX8MGsMKAMZDMpTFDJQc=",
        "owner": "NixOS",
        "repo": "nixpkgs",
        "rev": "9fc549ab1fde44eb47c748924b6c161b5740ce9f",
        "type": "github"
      },
      "original": {
        "owner": "NixOS",
        "repo": "nixpkgs",
        "type": "github"
      }
    },
    "root": {
      "inputs": {
        "nixpkgs": "nixpkgs"
      }
    }
  },
  "root": "root",
  "version": 7
}
